// !$*UTF8*$!
{
	archiveVersion = 1;
	classes = {
	};
	objectVersion = 55;
	objects = {

/* Begin PBXBuildFile section */
		2AE45646AB54604EA409D79B /* Pods_RiveAnimation.framework in Frameworks */ = {isa = PBXBuildFile; fileRef = B1868A3CBD19A6EAFBA11976 /* Pods_RiveAnimation.framework */; };
		7F589BAC285893E2005ED6AE /* CustomFont.swift in Sources */ = {isa = PBXBuildFile; fileRef = 7F589BAB285893E2005ED6AE /* CustomFont.swift */; };
		7F589BB028589B1F005ED6AE /* SignInView.swift in Sources */ = {isa = PBXBuildFile; fileRef = 7F589BAF28589B1F005ED6AE /* SignInView.swift */; };
		7F6A94662859D5CB00F45F99 /* CustomTextField.swift in Sources */ = {isa = PBXBuildFile; fileRef = 7F6A94652859D5CB00F45F99 /* CustomTextField.swift */; };
		7F943EA8286AE2670006E984 /* View+Extension.swift in Sources */ = {isa = PBXBuildFile; fileRef = 7F943EA7286AE2670006E984 /* View+Extension.swift */; };
		7F943EAA286AE43E0006E984 /* Color+Extension.swift in Sources */ = {isa = PBXBuildFile; fileRef = 7F943EA9286AE43E0006E984 /* Color+Extension.swift */; };
		7F995480285878CF00E5EDAF /* Inter-Regular.ttf in Resources */ = {isa = PBXBuildFile; fileRef = 7F99547D285878CF00E5EDAF /* Inter-Regular.ttf */; };
		7F995481285878CF00E5EDAF /* Poppins-Bold.ttf in Resources */ = {isa = PBXBuildFile; fileRef = 7F99547E285878CF00E5EDAF /* Poppins-Bold.ttf */; };
		7F995482285878CF00E5EDAF /* Inter-SemiBold.ttf in Resources */ = {isa = PBXBuildFile; fileRef = 7F99547F285878CF00E5EDAF /* Inter-SemiBold.ttf */; };
		7FDFFD33284E42C400BDC636 /* RiveAnimationApp.swift in Sources */ = {isa = PBXBuildFile; fileRef = 7FDFFD32284E42C400BDC636 /* RiveAnimationApp.swift */; };
		7FDFFD35284E42C400BDC636 /* ContentView.swift in Sources */ = {isa = PBXBuildFile; fileRef = 7FDFFD34284E42C400BDC636 /* ContentView.swift */; };
		7FDFFD37284E42C600BDC636 /* Assets.xcassets in Resources */ = {isa = PBXBuildFile; fileRef = 7FDFFD36284E42C600BDC636 /* Assets.xcassets */; };
		7FDFFD3A284E42C600BDC636 /* Preview Assets.xcassets in Resources */ = {isa = PBXBuildFile; fileRef = 7FDFFD39284E42C600BDC636 /* Preview Assets.xcassets */; };
		7FDFFD48284E446800BDC636 /* house.riv in Resources */ = {isa = PBXBuildFile; fileRef = 7FDFFD41284E446800BDC636 /* house.riv */; };
		7FDFFD49284E446800BDC636 /* confetti.riv in Resources */ = {isa = PBXBuildFile; fileRef = 7FDFFD42284E446800BDC636 /* confetti.riv */; };
		7FDFFD4A284E446800BDC636 /* check.riv in Resources */ = {isa = PBXBuildFile; fileRef = 7FDFFD43284E446800BDC636 /* check.riv */; };
		7FDFFD4B284E446800BDC636 /* menu_button.riv in Resources */ = {isa = PBXBuildFile; fileRef = 7FDFFD44284E446800BDC636 /* menu_button.riv */; };
		7FDFFD4C284E446800BDC636 /* shapes.riv in Resources */ = {isa = PBXBuildFile; fileRef = 7FDFFD45284E446800BDC636 /* shapes.riv */; };
		7FDFFD4D284E446800BDC636 /* button.riv in Resources */ = {isa = PBXBuildFile; fileRef = 7FDFFD46284E446800BDC636 /* button.riv */; };
		7FDFFD4E284E446800BDC636 /* icons.riv in Resources */ = {isa = PBXBuildFile; fileRef = 7FDFFD47284E446800BDC636 /* icons.riv */; };
		7FDFFD53284E45C400BDC636 /* OnBoardingView.swift in Sources */ = {isa = PBXBuildFile; fileRef = 7FDFFD52284E45C400BDC636 /* OnBoardingView.swift */; };
/* End PBXBuildFile section */

/* Begin PBXFileReference section */
		0C2D2196B7D575F8B59C109B /* Pods-RiveAnimation.release.xcconfig */ = {isa = PBXFileReference; includeInIndex = 1; lastKnownFileType = text.xcconfig; name = "Pods-RiveAnimation.release.xcconfig"; path = "Target Support Files/Pods-RiveAnimation/Pods-RiveAnimation.release.xcconfig"; sourceTree = "<group>"; };
		7F589BA828588D9C005ED6AE /* Info.plist */ = {isa = PBXFileReference; lastKnownFileType = text.plist; path = Info.plist; sourceTree = "<group>"; };
		7F589BAB285893E2005ED6AE /* CustomFont.swift */ = {isa = PBXFileReference; lastKnownFileType = sourcecode.swift; path = CustomFont.swift; sourceTree = "<group>"; };
		7F589BAF28589B1F005ED6AE /* SignInView.swift */ = {isa = PBXFileReference; lastKnownFileType = sourcecode.swift; path = SignInView.swift; sourceTree = "<group>"; };
		7F6A94652859D5CB00F45F99 /* CustomTextField.swift */ = {isa = PBXFileReference; lastKnownFileType = sourcecode.swift; path = CustomTextField.swift; sourceTree = "<group>"; };
		7F943EA7286AE2670006E984 /* View+Extension.swift */ = {isa = PBXFileReference; lastKnownFileType = sourcecode.swift; path = "View+Extension.swift"; sourceTree = "<group>"; };
		7F943EA9286AE43E0006E984 /* Color+Extension.swift */ = {isa = PBXFileReference; lastKnownFileType = sourcecode.swift; path = "Color+Extension.swift"; sourceTree = "<group>"; };
		7F99547D285878CF00E5EDAF /* Inter-Regular.ttf */ = {isa = PBXFileReference; lastKnownFileType = file; path = "Inter-Regular.ttf"; sourceTree = "<group>"; };
		7F99547E285878CF00E5EDAF /* Poppins-Bold.ttf */ = {isa = PBXFileReference; lastKnownFileType = file; path = "Poppins-Bold.ttf"; sourceTree = "<group>"; };
		7F99547F285878CF00E5EDAF /* Inter-SemiBold.ttf */ = {isa = PBXFileReference; lastKnownFileType = file; path = "Inter-SemiBold.ttf"; sourceTree = "<group>"; };
		7FDFFD2F284E42C400BDC636 /* RiveAnimation.app */ = {isa = PBXFileReference; explicitFileType = wrapper.application; includeInIndex = 0; path = RiveAnimation.app; sourceTree = BUILT_PRODUCTS_DIR; };
		7FDFFD32284E42C400BDC636 /* RiveAnimationApp.swift */ = {isa = PBXFileReference; lastKnownFileType = sourcecode.swift; path = RiveAnimationApp.swift; sourceTree = "<group>"; };
		7FDFFD34284E42C400BDC636 /* ContentView.swift */ = {isa = PBXFileReference; lastKnownFileType = sourcecode.swift; path = ContentView.swift; sourceTree = "<group>"; };
		7FDFFD36284E42C600BDC636 /* Assets.xcassets */ = {isa = PBXFileReference; lastKnownFileType = folder.assetcatalog; path = Assets.xcassets; sourceTree = "<group>"; };
		7FDFFD39284E42C600BDC636 /* Preview Assets.xcassets */ = {isa = PBXFileReference; lastKnownFileType = folder.assetcatalog; path = "Preview Assets.xcassets"; sourceTree = "<group>"; };
		7FDFFD41284E446800BDC636 /* house.riv */ = {isa = PBXFileReference; lastKnownFileType = file; path = house.riv; sourceTree = "<group>"; };
		7FDFFD42284E446800BDC636 /* confetti.riv */ = {isa = PBXFileReference; lastKnownFileType = file; path = confetti.riv; sourceTree = "<group>"; };
		7FDFFD43284E446800BDC636 /* check.riv */ = {isa = PBXFileReference; lastKnownFileType = file; path = check.riv; sourceTree = "<group>"; };
		7FDFFD44284E446800BDC636 /* menu_button.riv */ = {isa = PBXFileReference; lastKnownFileType = file; path = menu_button.riv; sourceTree = "<group>"; };
		7FDFFD45284E446800BDC636 /* shapes.riv */ = {isa = PBXFileReference; lastKnownFileType = file; path = shapes.riv; sourceTree = "<group>"; };
		7FDFFD46284E446800BDC636 /* button.riv */ = {isa = PBXFileReference; lastKnownFileType = file; path = button.riv; sourceTree = "<group>"; };
		7FDFFD47284E446800BDC636 /* icons.riv */ = {isa = PBXFileReference; lastKnownFileType = file; path = icons.riv; sourceTree = "<group>"; };
		7FDFFD52284E45C400BDC636 /* OnBoardingView.swift */ = {isa = PBXFileReference; lastKnownFileType = sourcecode.swift; path = OnBoardingView.swift; sourceTree = "<group>"; };
		B1868A3CBD19A6EAFBA11976 /* Pods_RiveAnimation.framework */ = {isa = PBXFileReference; explicitFileType = wrapper.framework; includeInIndex = 0; path = Pods_RiveAnimation.framework; sourceTree = BUILT_PRODUCTS_DIR; };
		E1EE27B578BDB25219026EBB /* Pods-RiveAnimation.debug.xcconfig */ = {isa = PBXFileReference; includeInIndex = 1; lastKnownFileType = text.xcconfig; name = "Pods-RiveAnimation.debug.xcconfig"; path = "Target Support Files/Pods-RiveAnimation/Pods-RiveAnimation.debug.xcconfig"; sourceTree = "<group>"; };
/* End PBXFileReference section */

/* Begin PBXFrameworksBuildPhase section */
		7FDFFD2C284E42C400BDC636 /* Frameworks */ = {
			isa = PBXFrameworksBuildPhase;
			buildActionMask = 2147483647;
			files = (
				2AE45646AB54604EA409D79B /* Pods_RiveAnimation.framework in Frameworks */,
			);
			runOnlyForDeploymentPostprocessing = 0;
		};
/* End PBXFrameworksBuildPhase section */

/* Begin PBXGroup section */
		2AEAE494AE60B36517B31A4D /* Pods */ = {
			isa = PBXGroup;
			children = (
				E1EE27B578BDB25219026EBB /* Pods-RiveAnimation.debug.xcconfig */,
				0C2D2196B7D575F8B59C109B /* Pods-RiveAnimation.release.xcconfig */,
			);
			path = Pods;
			sourceTree = "<group>";
		};
		7F589BAD28589AF8005ED6AE /* Modules */ = {
			isa = PBXGroup;
			children = (
				7F589BAE28589B07005ED6AE /* Signin */,
			);
			path = Modules;
			sourceTree = "<group>";
		};
		7F589BAE28589B07005ED6AE /* Signin */ = {
			isa = PBXGroup;
			children = (
				7F589BAF28589B1F005ED6AE /* SignInView.swift */,
			);
			path = Signin;
			sourceTree = "<group>";
		};
		7F6A94642859D5B900F45F99 /* Component */ = {
			isa = PBXGroup;
			children = (
				7F6A94652859D5CB00F45F99 /* CustomTextField.swift */,
			);
			path = Component;
			sourceTree = "<group>";
		};
		7F6A94672859DA7C00F45F99 /* Extensions */ = {
			isa = PBXGroup;
			children = (
				7F943EA7286AE2670006E984 /* View+Extension.swift */,
				7F943EA9286AE43E0006E984 /* Color+Extension.swift */,
			);
			path = Extensions;
			sourceTree = "<group>";
		};
		7F99547C285878CF00E5EDAF /* Fonts */ = {
			isa = PBXGroup;
			children = (
				7F99547D285878CF00E5EDAF /* Inter-Regular.ttf */,
				7F99547E285878CF00E5EDAF /* Poppins-Bold.ttf */,
				7F99547F285878CF00E5EDAF /* Inter-SemiBold.ttf */,
			);
			path = Fonts;
			sourceTree = "<group>";
		};
		7FDFFD26284E42C400BDC636 = {
			isa = PBXGroup;
			children = (
				7FDFFD31284E42C400BDC636 /* RiveAnimation */,
				7FDFFD30284E42C400BDC636 /* Products */,
				2AEAE494AE60B36517B31A4D /* Pods */,
				CEB8BF36B209853F81212C0F /* Frameworks */,
			);
			sourceTree = "<group>";
		};
		7FDFFD30284E42C400BDC636 /* Products */ = {
			isa = PBXGroup;
			children = (
				7FDFFD2F284E42C400BDC636 /* RiveAnimation.app */,
			);
			name = Products;
			sourceTree = "<group>";
		};
		7FDFFD31284E42C400BDC636 /* RiveAnimation */ = {
			isa = PBXGroup;
			children = (
				7F6A94672859DA7C00F45F99 /* Extensions */,
				7F6A94642859D5B900F45F99 /* Component */,
				7F99547C285878CF00E5EDAF /* Fonts */,
				7F589BA828588D9C005ED6AE /* Info.plist */,
				7FDFFD32284E42C400BDC636 /* RiveAnimationApp.swift */,
				7FDFFD34284E42C400BDC636 /* ContentView.swift */,
				7FDFFD36284E42C600BDC636 /* Assets.xcassets */,
				7F589BAD28589AF8005ED6AE /* Modules */,
				7FDFFD40284E446800BDC636 /* RiveAssets */,
				7FDFFD38284E42C600BDC636 /* Preview Content */,
				7FDFFD52284E45C400BDC636 /* OnBoardingView.swift */,
				7F589BAB285893E2005ED6AE /* CustomFont.swift */,
			);
			path = RiveAnimation;
			sourceTree = "<group>";
		};
		7FDFFD38284E42C600BDC636 /* Preview Content */ = {
			isa = PBXGroup;
			children = (
				7FDFFD39284E42C600BDC636 /* Preview Assets.xcassets */,
			);
			path = "Preview Content";
			sourceTree = "<group>";
		};
		7FDFFD40284E446800BDC636 /* RiveAssets */ = {
			isa = PBXGroup;
			children = (
				7FDFFD41284E446800BDC636 /* house.riv */,
				7FDFFD42284E446800BDC636 /* confetti.riv */,
				7FDFFD43284E446800BDC636 /* check.riv */,
				7FDFFD44284E446800BDC636 /* menu_button.riv */,
				7FDFFD45284E446800BDC636 /* shapes.riv */,
				7FDFFD46284E446800BDC636 /* button.riv */,
				7FDFFD47284E446800BDC636 /* icons.riv */,
			);
			path = RiveAssets;
			sourceTree = "<group>";
		};
		CEB8BF36B209853F81212C0F /* Frameworks */ = {
			isa = PBXGroup;
			children = (
				B1868A3CBD19A6EAFBA11976 /* Pods_RiveAnimation.framework */,
			);
			name = Frameworks;
			sourceTree = "<group>";
		};
/* End PBXGroup section */

/* Begin PBXNativeTarget section */
		7FDFFD2E284E42C400BDC636 /* RiveAnimation */ = {
			isa = PBXNativeTarget;
			buildConfigurationList = 7FDFFD3D284E42C600BDC636 /* Build configuration list for PBXNativeTarget "RiveAnimation" */;
			buildPhases = (
				A0099ABD5A605637ABF383A1 /* [CP] Check Pods Manifest.lock */,
				7FDFFD2B284E42C400BDC636 /* Sources */,
				7FDFFD2C284E42C400BDC636 /* Frameworks */,
				7FDFFD2D284E42C400BDC636 /* Resources */,
				3EB1E861313B5BFDF7AE57CD /* [CP] Embed Pods Frameworks */,
			);
			buildRules = (
			);
			dependencies = (
			);
			name = RiveAnimation;
			productName = RiveAnimation;
			productReference = 7FDFFD2F284E42C400BDC636 /* RiveAnimation.app */;
			productType = "com.apple.product-type.application";
		};
/* End PBXNativeTarget section */

/* Begin PBXProject section */
		7FDFFD27284E42C400BDC636 /* Project object */ = {
			isa = PBXProject;
			attributes = {
				BuildIndependentTargetsInParallel = 1;
				LastSwiftUpdateCheck = 1330;
				LastUpgradeCheck = 1330;
				TargetAttributes = {
					7FDFFD2E284E42C400BDC636 = {
						CreatedOnToolsVersion = 13.3.1;
					};
				};
			};
			buildConfigurationList = 7FDFFD2A284E42C400BDC636 /* Build configuration list for PBXProject "RiveAnimation" */;
			compatibilityVersion = "Xcode 13.0";
			developmentRegion = en;
			hasScannedForEncodings = 0;
			knownRegions = (
				en,
				Base,
			);
			mainGroup = 7FDFFD26284E42C400BDC636;
			productRefGroup = 7FDFFD30284E42C400BDC636 /* Products */;
			projectDirPath = "";
			projectRoot = "";
			targets = (
				7FDFFD2E284E42C400BDC636 /* RiveAnimation */,
			);
		};
/* End PBXProject section */

/* Begin PBXResourcesBuildPhase section */
		7FDFFD2D284E42C400BDC636 /* Resources */ = {
			isa = PBXResourcesBuildPhase;
			buildActionMask = 2147483647;
			files = (
				7F995482285878CF00E5EDAF /* Inter-SemiBold.ttf in Resources */,
				7FDFFD4C284E446800BDC636 /* shapes.riv in Resources */,
				7FDFFD4A284E446800BDC636 /* check.riv in Resources */,
				7FDFFD3A284E42C600BDC636 /* Preview Assets.xcassets in Resources */,
				7FDFFD4B284E446800BDC636 /* menu_button.riv in Resources */,
				7FDFFD48284E446800BDC636 /* house.riv in Resources */,
				7FDFFD4D284E446800BDC636 /* button.riv in Resources */,
				7F995480285878CF00E5EDAF /* Inter-Regular.ttf in Resources */,
				7F995481285878CF00E5EDAF /* Poppins-Bold.ttf in Resources */,
				7FDFFD37284E42C600BDC636 /* Assets.xcassets in Resources */,
				7FDFFD49284E446800BDC636 /* confetti.riv in Resources */,
				7FDFFD4E284E446800BDC636 /* icons.riv in Resources */,
			);
			runOnlyForDeploymentPostprocessing = 0;
		};
/* End PBXResourcesBuildPhase section */

/* Begin PBXShellScriptBuildPhase section */
		3EB1E861313B5BFDF7AE57CD /* [CP] Embed Pods Frameworks */ = {
			isa = PBXShellScriptBuildPhase;
			buildActionMask = 2147483647;
			files = (
			);
			inputFileListPaths = (
				"${PODS_ROOT}/Target Support Files/Pods-RiveAnimation/Pods-RiveAnimation-frameworks-${CONFIGURATION}-input-files.xcfilelist",
			);
			name = "[CP] Embed Pods Frameworks";
			outputFileListPaths = (
				"${PODS_ROOT}/Target Support Files/Pods-RiveAnimation/Pods-RiveAnimation-frameworks-${CONFIGURATION}-output-files.xcfilelist",
			);
			runOnlyForDeploymentPostprocessing = 0;
			shellPath = /bin/sh;
			shellScript = "\"${PODS_ROOT}/Target Support Files/Pods-RiveAnimation/Pods-RiveAnimation-frameworks.sh\"\n";
			showEnvVarsInLog = 0;
		};
		A0099ABD5A605637ABF383A1 /* [CP] Check Pods Manifest.lock */ = {
			isa = PBXShellScriptBuildPhase;
			buildActionMask = 2147483647;
			files = (
			);
			inputFileListPaths = (
			);
			inputPaths = (
				"${PODS_PODFILE_DIR_PATH}/Podfile.lock",
				"${PODS_ROOT}/Manifest.lock",
			);
			name = "[CP] Check Pods Manifest.lock";
			outputFileListPaths = (
			);
			outputPaths = (
				"$(DERIVED_FILE_DIR)/Pods-RiveAnimation-checkManifestLockResult.txt",
			);
			runOnlyForDeploymentPostprocessing = 0;
			shellPath = /bin/sh;
			shellScript = "diff \"${PODS_PODFILE_DIR_PATH}/Podfile.lock\" \"${PODS_ROOT}/Manifest.lock\" > /dev/null\nif [ $? != 0 ] ; then\n    # print error to STDERR\n    echo \"error: The sandbox is not in sync with the Podfile.lock. Run 'pod install' or update your CocoaPods installation.\" >&2\n    exit 1\nfi\n# This output is used by Xcode 'outputs' to avoid re-running this script phase.\necho \"SUCCESS\" > \"${SCRIPT_OUTPUT_FILE_0}\"\n";
			showEnvVarsInLog = 0;
		};
/* End PBXShellScriptBuildPhase section */

/* Begin PBXSourcesBuildPhase section */
		7FDFFD2B284E42C400BDC636 /* Sources */ = {
			isa = PBXSourcesBuildPhase;
			buildActionMask = 2147483647;
			files = (
				7FDFFD53284E45C400BDC636 /* OnBoardingView.swift in Sources */,
				7F589BAC285893E2005ED6AE /* CustomFont.swift in Sources */,
				7F6A94662859D5CB00F45F99 /* CustomTextField.swift in Sources */,
				7FDFFD35284E42C400BDC636 /* ContentView.swift in Sources */,
				7FDFFD33284E42C400BDC636 /* RiveAnimationApp.swift in Sources */,
				7F943EA8286AE2670006E984 /* View+Extension.swift in Sources */,
				7F589BB028589B1F005ED6AE /* SignInView.swift in Sources */,
				7F943EAA286AE43E0006E984 /* Color+Extension.swift in Sources */,
			);
			runOnlyForDeploymentPostprocessing = 0;
		};
/* End PBXSourcesBuildPhase section */

/* Begin XCBuildConfiguration section */
		7FDFFD3B284E42C600BDC636 /* Debug */ = {
			isa = XCBuildConfiguration;
			buildSettings = {
				ALWAYS_SEARCH_USER_PATHS = NO;
				CLANG_ANALYZER_NONNULL = YES;
				CLANG_ANALYZER_NUMBER_OBJECT_CONVERSION = YES_AGGRESSIVE;
				CLANG_CXX_LANGUAGE_STANDARD = "gnu++17";
				CLANG_ENABLE_MODULES = YES;
				CLANG_ENABLE_OBJC_ARC = YES;
				CLANG_ENABLE_OBJC_WEAK = YES;
				CLANG_WARN_BLOCK_CAPTURE_AUTORELEASING = YES;
				CLANG_WARN_BOOL_CONVERSION = YES;
				CLANG_WARN_COMMA = YES;
				CLANG_WARN_CONSTANT_CONVERSION = YES;
				CLANG_WARN_DEPRECATED_OBJC_IMPLEMENTATIONS = YES;
				CLANG_WARN_DIRECT_OBJC_ISA_USAGE = YES_ERROR;
				CLANG_WARN_DOCUMENTATION_COMMENTS = YES;
				CLANG_WARN_EMPTY_BODY = YES;
				CLANG_WARN_ENUM_CONVERSION = YES;
				CLANG_WARN_INFINITE_RECURSION = YES;
				CLANG_WARN_INT_CONVERSION = YES;
				CLANG_WARN_NON_LITERAL_NULL_CONVERSION = YES;
				CLANG_WARN_OBJC_IMPLICIT_RETAIN_SELF = YES;
				CLANG_WARN_OBJC_LITERAL_CONVERSION = YES;
				CLANG_WARN_OBJC_ROOT_CLASS = YES_ERROR;
				CLANG_WARN_QUOTED_INCLUDE_IN_FRAMEWORK_HEADER = YES;
				CLANG_WARN_RANGE_LOOP_ANALYSIS = YES;
				CLANG_WARN_STRICT_PROTOTYPES = YES;
				CLANG_WARN_SUSPICIOUS_MOVE = YES;
				CLANG_WARN_UNGUARDED_AVAILABILITY = YES_AGGRESSIVE;
				CLANG_WARN_UNREACHABLE_CODE = YES;
				CLANG_WARN__DUPLICATE_METHOD_MATCH = YES;
				COPY_PHASE_STRIP = NO;
				DEBUG_INFORMATION_FORMAT = dwarf;
				ENABLE_STRICT_OBJC_MSGSEND = YES;
				ENABLE_TESTABILITY = YES;
				GCC_C_LANGUAGE_STANDARD = gnu11;
				GCC_DYNAMIC_NO_PIC = NO;
				GCC_NO_COMMON_BLOCKS = YES;
				GCC_OPTIMIZATION_LEVEL = 0;
				GCC_PREPROCESSOR_DEFINITIONS = (
					"DEBUG=1",
					"$(inherited)",
				);
				GCC_WARN_64_TO_32_BIT_CONVERSION = YES;
				GCC_WARN_ABOUT_RETURN_TYPE = YES_ERROR;
				GCC_WARN_UNDECLARED_SELECTOR = YES;
				GCC_WARN_UNINITIALIZED_AUTOS = YES_AGGRESSIVE;
				GCC_WARN_UNUSED_FUNCTION = YES;
				GCC_WARN_UNUSED_VARIABLE = YES;
				IPHONEOS_DEPLOYMENT_TARGET = 15.4;
				MTL_ENABLE_DEBUG_INFO = INCLUDE_SOURCE;
				MTL_FAST_MATH = YES;
				ONLY_ACTIVE_ARCH = YES;
				SDKROOT = iphoneos;
				SWIFT_ACTIVE_COMPILATION_CONDITIONS = DEBUG;
				SWIFT_OPTIMIZATION_LEVEL = "-Onone";
			};
			name = Debug;
		};
		7FDFFD3C284E42C600BDC636 /* Release */ = {
			isa = XCBuildConfiguration;
			buildSettings = {
				ALWAYS_SEARCH_USER_PATHS = NO;
				CLANG_ANALYZER_NONNULL = YES;
				CLANG_ANALYZER_NUMBER_OBJECT_CONVERSION = YES_AGGRESSIVE;
				CLANG_CXX_LANGUAGE_STANDARD = "gnu++17";
				CLANG_ENABLE_MODULES = YES;
				CLANG_ENABLE_OBJC_ARC = YES;
				CLANG_ENABLE_OBJC_WEAK = YES;
				CLANG_WARN_BLOCK_CAPTURE_AUTORELEASING = YES;
				CLANG_WARN_BOOL_CONVERSION = YES;
				CLANG_WARN_COMMA = YES;
				CLANG_WARN_CONSTANT_CONVERSION = YES;
				CLANG_WARN_DEPRECATED_OBJC_IMPLEMENTATIONS = YES;
				CLANG_WARN_DIRECT_OBJC_ISA_USAGE = YES_ERROR;
				CLANG_WARN_DOCUMENTATION_COMMENTS = YES;
				CLANG_WARN_EMPTY_BODY = YES;
				CLANG_WARN_ENUM_CONVERSION = YES;
				CLANG_WARN_INFINITE_RECURSION = YES;
				CLANG_WARN_INT_CONVERSION = YES;
				CLANG_WARN_NON_LITERAL_NULL_CONVERSION = YES;
				CLANG_WARN_OBJC_IMPLICIT_RETAIN_SELF = YES;
				CLANG_WARN_OBJC_LITERAL_CONVERSION = YES;
				CLANG_WARN_OBJC_ROOT_CLASS = YES_ERROR;
				CLANG_WARN_QUOTED_INCLUDE_IN_FRAMEWORK_HEADER = YES;
				CLANG_WARN_RANGE_LOOP_ANALYSIS = YES;
				CLANG_WARN_STRICT_PROTOTYPES = YES;
				CLANG_WARN_SUSPICIOUS_MOVE = YES;
				CLANG_WARN_UNGUARDED_AVAILABILITY = YES_AGGRESSIVE;
				CLANG_WARN_UNREACHABLE_CODE = YES;
				CLANG_WARN__DUPLICATE_METHOD_MATCH = YES;
				COPY_PHASE_STRIP = NO;
				DEBUG_INFORMATION_FORMAT = "dwarf-with-dsym";
				ENABLE_NS_ASSERTIONS = NO;
				ENABLE_STRICT_OBJC_MSGSEND = YES;
				GCC_C_LANGUAGE_STANDARD = gnu11;
				GCC_NO_COMMON_BLOCKS = YES;
				GCC_WARN_64_TO_32_BIT_CONVERSION = YES;
				GCC_WARN_ABOUT_RETURN_TYPE = YES_ERROR;
				GCC_WARN_UNDECLARED_SELECTOR = YES;
				GCC_WARN_UNINITIALIZED_AUTOS = YES_AGGRESSIVE;
				GCC_WARN_UNUSED_FUNCTION = YES;
				GCC_WARN_UNUSED_VARIABLE = YES;
				IPHONEOS_DEPLOYMENT_TARGET = 15.4;
				MTL_ENABLE_DEBUG_INFO = NO;
				MTL_FAST_MATH = YES;
				SDKROOT = iphoneos;
				SWIFT_COMPILATION_MODE = wholemodule;
				SWIFT_OPTIMIZATION_LEVEL = "-O";
				VALIDATE_PRODUCT = YES;
			};
			name = Release;
		};
		7FDFFD3E284E42C600BDC636 /* Debug */ = {
			isa = XCBuildConfiguration;
			baseConfigurationReference = E1EE27B578BDB25219026EBB /* Pods-RiveAnimation.debug.xcconfig */;
			buildSettings = {
				ASSETCATALOG_COMPILER_APPICON_NAME = AppIcon;
				ASSETCATALOG_COMPILER_GLOBAL_ACCENT_COLOR_NAME = AccentColor;
				CODE_SIGN_STYLE = Automatic;
				CURRENT_PROJECT_VERSION = 1;
				DEVELOPMENT_ASSET_PATHS = "\"RiveAnimation/Preview Content\"";
				DEVELOPMENT_TEAM = RG62336UMN;
				ENABLE_PREVIEWS = YES;
				GENERATE_INFOPLIST_FILE = YES;
				INFOPLIST_FILE = RiveAnimation/Info.plist;
				INFOPLIST_KEY_UIApplicationSceneManifest_Generation = YES;
				INFOPLIST_KEY_UIApplicationSupportsIndirectInputEvents = YES;
				INFOPLIST_KEY_UILaunchScreen_Generation = YES;
				INFOPLIST_KEY_UISupportedInterfaceOrientations = UIInterfaceOrientationPortrait;
				INFOPLIST_KEY_UISupportedInterfaceOrientations_iPad = "UIInterfaceOrientationPortrait UIInterfaceOrientationPortraitUpsideDown UIInterfaceOrientationLandscapeLeft UIInterfaceOrientationLandscapeRight";
				INFOPLIST_KEY_UISupportedInterfaceOrientations_iPhone = "UIInterfaceOrientationPortrait UIInterfaceOrientationLandscapeLeft UIInterfaceOrientationLandscapeRight";
				IPHONEOS_DEPLOYMENT_TARGET = 15.0;
				LD_RUNPATH_SEARCH_PATHS = (
					"$(inherited)",
					"@executable_path/Frameworks",
				);
				MARKETING_VERSION = 1.0;
				PRODUCT_BUNDLE_IDENTIFIER = com.chandi.tvApp.RiveAnimation;
				PRODUCT_NAME = "$(TARGET_NAME)";
				SWIFT_EMIT_LOC_STRINGS = YES;
				SWIFT_VERSION = 5.0;
				TARGETED_DEVICE_FAMILY = "1,2";
			};
			name = Debug;
		};
		7FDFFD3F284E42C600BDC636 /* Release */ = {
			isa = XCBuildConfiguration;
			baseConfigurationReference = 0C2D2196B7D575F8B59C109B /* Pods-RiveAnimation.release.xcconfig */;
			buildSettings = {
				ASSETCATALOG_COMPILER_APPICON_NAME = AppIcon;
				ASSETCATALOG_COMPILER_GLOBAL_ACCENT_COLOR_NAME = AccentColor;
				CODE_SIGN_STYLE = Automatic;
				CURRENT_PROJECT_VERSION = 1;
				DEVELOPMENT_ASSET_PATHS = "\"RiveAnimation/Preview Content\"";
				DEVELOPMENT_TEAM = RG62336UMN;
				ENABLE_PREVIEWS = YES;
				GENERATE_INFOPLIST_FILE = YES;
				INFOPLIST_FILE = RiveAnimation/Info.plist;
				INFOPLIST_KEY_UIApplicationSceneManifest_Generation = YES;
				INFOPLIST_KEY_UIApplicationSupportsIndirectInputEvents = YES;
				INFOPLIST_KEY_UILaunchScreen_Generation = YES;
				INFOPLIST_KEY_UISupportedInterfaceOrientations = UIInterfaceOrientationPortrait;
				INFOPLIST_KEY_UISupportedInterfaceOrientations_iPad = "UIInterfaceOrientationPortrait UIInterfaceOrientationPortraitUpsideDown UIInterfaceOrientationLandscapeLeft UIInterfaceOrientationLandscapeRight";
				INFOPLIST_KEY_UISupportedInterfaceOrientations_iPhone = "UIInterfaceOrientationPortrait UIInterfaceOrientationLandscapeLeft UIInterfaceOrientationLandscapeRight";
				IPHONEOS_DEPLOYMENT_TARGET = 15.0;
				LD_RUNPATH_SEARCH_PATHS = (
					"$(inherited)",
					"@executable_path/Frameworks",
				);
				MARKETING_VERSION = 1.0;
				PRODUCT_BUNDLE_IDENTIFIER = com.chandi.tvApp.RiveAnimation;
				PRODUCT_NAME = "$(TARGET_NAME)";
				SWIFT_EMIT_LOC_STRINGS = YES;
				SWIFT_VERSION = 5.0;
				TARGETED_DEVICE_FAMILY = "1,2";
			};
			name = Release;
		};
/* End XCBuildConfiguration section */

/* Begin XCConfigurationList section */
		7FDFFD2A284E42C400BDC636 /* Build configuration list for PBXProject "RiveAnimation" */ = {
			isa = XCConfigurationList;
			buildConfigurations = (
				7FDFFD3B284E42C600BDC636 /* Debug */,
				7FDFFD3C284E42C600BDC636 /* Release */,
			);
			defaultConfigurationIsVisible = 0;
			defaultConfigurationName = Release;
		};
		7FDFFD3D284E42C600BDC636 /* Build configuration list for PBXNativeTarget "RiveAnimation" */ = {
			isa = XCConfigurationList;
			buildConfigurations = (
				7FDFFD3E284E42C600BDC636 /* Debug */,
				7FDFFD3F284E42C600BDC636 /* Release */,
			);
			defaultConfigurationIsVisible = 0;
			defaultConfigurationName = Release;
		};
/* End XCConfigurationList section */
	};
	rootObject = 7FDFFD27284E42C400BDC636 /* Project object */;
}
